
Microsoft Visual Studio Solution File, Format Version 12.00
# Visual Studio Version 17
VisualStudioVersion = 17.9.34622.214
MinimumVisualStudioVersion = 10.0.40219.1
Project("{9A19103F-16F7-4668-BE54-9A1E7A4F7556}") = "Presentation_Layer", "TPW_Projekt\Presentation_Layer.csproj", "{2EEA38F6-0C1E-49B1-9E0C-E807E7CCF771}"
EndProject
Project("{9A19103F-16F7-4668-BE54-9A1E7A4F7556}") = "Data_Layer", "Data_Layer\Data_Layer.csproj", "{1CF5E87D-11D4-4A93-BC92-41F17C120B1D}"
EndProject
Project("{9A19103F-16F7-4668-BE54-9A1E7A4F7556}") = "Logic_Layer", "Logic_Layer\Logic_Layer.csproj", "{B24A88DC-224C-483B-B940-E30D08ADF0B1}"
EndProject
Project("{9A19103F-16F7-4668-BE54-9A1E7A4F7556}") = "Logic_Layer_NUnitTest", "Logic_Layer_NUnitTest\Logic_Layer_NUnitTest.csproj", "{1F3D7A52-8406-49EB-B25E-2A48C9D8FADA}"
EndProject
Project("{9A19103F-16F7-4668-BE54-9A1E7A4F7556}") = "Data_Layer_NUnitTest", "Data_Layer_NUnitTest\Data_Layer_NUnitTest.csproj", "{DEC9D7C6-C550-4A2D-A857-5BE79D4FC5CC}"
EndProject
Global
	GlobalSection(SolutionConfigurationPlatforms) = preSolution
		Debug|Any CPU = Debug|Any CPU
		Release|Any CPU = Release|Any CPU
	EndGlobalSection
	GlobalSection(ProjectConfigurationPlatforms) = postSolution
		{2EEA38F6-0C1E-49B1-9E0C-E807E7CCF771}.Debug|Any CPU.ActiveCfg = Debug|Any CPU
		{2EEA38F6-0C1E-49B1-9E0C-E807E7CCF771}.Debug|Any CPU.Build.0 = Debug|Any CPU
		{2EEA38F6-0C1E-49B1-9E0C-E807E7CCF771}.Release|Any CPU.ActiveCfg = Release|Any CPU
		{2EEA38F6-0C1E-49B1-9E0C-E807E7CCF771}.Release|Any CPU.Build.0 = Release|Any CPU
		{1CF5E87D-11D4-4A93-BC92-41F17C120B1D}.Debug|Any CPU.ActiveCfg = Debug|Any CPU
		{1CF5E87D-11D4-4A93-BC92-41F17C120B1D}.Debug|Any CPU.Build.0 = Debug|Any CPU
		{1CF5E87D-11D4-4A93-BC92-41F17C120B1D}.Release|Any CPU.ActiveCfg = Release|Any CPU
		{1CF5E87D-11D4-4A93-BC92-41F17C120B1D}.Release|Any CPU.Build.0 = Release|Any CPU
		{B24A88DC-224C-483B-B940-E30D08ADF0B1}.Debug|Any CPU.ActiveCfg = Debug|Any CPU
		{B24A88DC-224C-483B-B940-E30D08ADF0B1}.Debug|Any CPU.Build.0 = Debug|Any CPU
		{B24A88DC-224C-483B-B940-E30D08ADF0B1}.Release|Any CPU.ActiveCfg = Release|Any CPU
		{B24A88DC-224C-483B-B940-E30D08ADF0B1}.Release|Any CPU.Build.0 = Release|Any CPU
		{1F3D7A52-8406-49EB-B25E-2A48C9D8FADA}.Debug|Any CPU.ActiveCfg = Debug|Any CPU
		{1F3D7A52-8406-49EB-B25E-2A48C9D8FADA}.Debug|Any CPU.Build.0 = Debug|Any CPU
		{1F3D7A52-8406-49EB-B25E-2A48C9D8FADA}.Release|Any CPU.ActiveCfg = Release|Any CPU
		{1F3D7A52-8406-49EB-B25E-2A48C9D8FADA}.Release|Any CPU.Build.0 = Release|Any CPU
		{DEC9D7C6-C550-4A2D-A857-5BE79D4FC5CC}.Debug|Any CPU.ActiveCfg = Debug|Any CPU
		{DEC9D7C6-C550-4A2D-A857-5BE79D4FC5CC}.Debug|Any CPU.Build.0 = Debug|Any CPU
		{DEC9D7C6-C550-4A2D-A857-5BE79D4FC5CC}.Release|Any CPU.ActiveCfg = Release|Any CPU
		{DEC9D7C6-C550-4A2D-A857-5BE79D4FC5CC}.Release|Any CPU.Build.0 = Release|Any CPU
	EndGlobalSection
	GlobalSection(SolutionProperties) = preSolution
		HideSolutionNode = FALSE
	EndGlobalSection
	GlobalSection(ExtensibilityGlobals) = postSolution
		SolutionGuid = {E5737372-1F24-4202-9516-874EA19A130F}
	EndGlobalSection
EndGlobal
